Microsoft Visual Studio Solution File, Format Version 12.00
# Visual Studio 2013
VisualStudioVersion = 12.0.40629.0
MinimumVisualStudioVersion = 10.0.40219.1
Project("{8BC9CEB8-8B4A-11D0-8D11-00A0C91BC942}") = "gmock", "gmock.vcxproj", "{DC2124E9-7194-35DE-9296-6F1D0A1E9BDE}"
EndProject
Project("{8BC9CEB8-8B4A-11D0-8D11-00A0C91BC942}") = "gmock_main", "gmock_main.vcxproj", "{84808690-7A30-3D5C-BD2D-72B3E6618CA5}"
	ProjectSection(ProjectDependencies) = postProject
		{DC2124E9-7194-35DE-9296-6F1D0A1E9BDE} = {DC2124E9-7194-35DE-9296-6F1D0A1E9BDE}
	EndProjectSection
EndProject
Project("{8BC9CEB8-8B4A-11D0-8D11-00A0C91BC942}") = "js_embed", "js_embed.vcxproj", "{D157C67F-76A3-3098-BF86-39DBBFFAB76F}"
EndProject
Project("{8BC9CEB8-8B4A-11D0-8D11-00A0C91BC942}") = "libprotobuf", "libprotobuf.vcxproj", "{99A47600-722C-3145-8323-7423A1744588}"
EndProject
Project("{8BC9CEB8-8B4A-11D0-8D11-00A0C91BC942}") = "libprotobuf-lite", "libprotobuf-lite.vcxproj", "{1BFBF64A-704A-3248-B8C0-BE6C1D590E24}"
EndProject
Project("{8BC9CEB8-8B4A-11D0-8D11-00A0C91BC942}") = "libprotoc", "libprotoc.vcxproj", "{DE5F6C03-5DA8-30E4-83CD-4BC9AFB4FCC9}"
	ProjectSection(ProjectDependencies) = postProject
		{D157C67F-76A3-3098-BF86-39DBBFFAB76F} = {D157C67F-76A3-3098-BF86-39DBBFFAB76F}
		{99A47600-722C-3145-8323-7423A1744588} = {99A47600-722C-3145-8323-7423A1744588}
	EndProjectSection
EndProject
Project("{8BC9CEB8-8B4A-11D0-8D11-00A0C91BC942}") = "lite-arena-test", "lite-arena-test.vcxproj", "{CD56269B-4A0D-3BAF-A2D3-594E7A063F37}"
	ProjectSection(ProjectDependencies) = postProject
		{DC2124E9-7194-35DE-9296-6F1D0A1E9BDE} = {DC2124E9-7194-35DE-9296-6F1D0A1E9BDE}
		{84808690-7A30-3D5C-BD2D-72B3E6618CA5} = {84808690-7A30-3D5C-BD2D-72B3E6618CA5}
		{1BFBF64A-704A-3248-B8C0-BE6C1D590E24} = {1BFBF64A-704A-3248-B8C0-BE6C1D590E24}
		{BEA4E6DD-74F0-3213-ACA6-2927DE2E7C56} = {BEA4E6DD-74F0-3213-ACA6-2927DE2E7C56}
	EndProjectSection
EndProject
Project("{8BC9CEB8-8B4A-11D0-8D11-00A0C91BC942}") = "lite-test", "lite-test.vcxproj", "{FC7ACA32-5BC6-31F0-AB0B-9E56D7217BD3}"
	ProjectSection(ProjectDependencies) = postProject
		{DC2124E9-7194-35DE-9296-6F1D0A1E9BDE} = {DC2124E9-7194-35DE-9296-6F1D0A1E9BDE}
		{84808690-7A30-3D5C-BD2D-72B3E6618CA5} = {84808690-7A30-3D5C-BD2D-72B3E6618CA5}
		{1BFBF64A-704A-3248-B8C0-BE6C1D590E24} = {1BFBF64A-704A-3248-B8C0-BE6C1D590E24}
		{BEA4E6DD-74F0-3213-ACA6-2927DE2E7C56} = {BEA4E6DD-74F0-3213-ACA6-2927DE2E7C56}
	EndProjectSection
EndProject
Project("{8BC9CEB8-8B4A-11D0-8D11-00A0C91BC942}") = "protoc", "protoc.vcxproj", "{BEA4E6DD-74F0-3213-ACA6-2927DE2E7C56}"
	ProjectSection(ProjectDependencies) = postProject
		{99A47600-722C-3145-8323-7423A1744588} = {99A47600-722C-3145-8323-7423A1744588}
		{DE5F6C03-5DA8-30E4-83CD-4BC9AFB4FCC9} = {DE5F6C03-5DA8-30E4-83CD-4BC9AFB4FCC9}
	EndProjectSection
EndProject
Project("{8BC9CEB8-8B4A-11D0-8D11-00A0C91BC942}") = "test_plugin", "test_plugin.vcxproj", "{B766FDE7-F955-3C21-978B-6EA684C1DB9A}"
	ProjectSection(ProjectDependencies) = postProject
		{DC2124E9-7194-35DE-9296-6F1D0A1E9BDE} = {DC2124E9-7194-35DE-9296-6F1D0A1E9BDE}
		{99A47600-722C-3145-8323-7423A1744588} = {99A47600-722C-3145-8323-7423A1744588}
		{DE5F6C03-5DA8-30E4-83CD-4BC9AFB4FCC9} = {DE5F6C03-5DA8-30E4-83CD-4BC9AFB4FCC9}
	EndProjectSection
EndProject
Project("{8BC9CEB8-8B4A-11D0-8D11-00A0C91BC942}") = "tests", "tests.vcxproj", "{F6B18805-DFC9-3B42-AA36-5089F2EBC77F}"
	ProjectSection(ProjectDependencies) = postProject
		{DC2124E9-7194-35DE-9296-6F1D0A1E9BDE} = {DC2124E9-7194-35DE-9296-6F1D0A1E9BDE}
		{84808690-7A30-3D5C-BD2D-72B3E6618CA5} = {84808690-7A30-3D5C-BD2D-72B3E6618CA5}
		{99A47600-722C-3145-8323-7423A1744588} = {99A47600-722C-3145-8323-7423A1744588}
		{DE5F6C03-5DA8-30E4-83CD-4BC9AFB4FCC9} = {DE5F6C03-5DA8-30E4-83CD-4BC9AFB4FCC9}
		{BEA4E6DD-74F0-3213-ACA6-2927DE2E7C56} = {BEA4E6DD-74F0-3213-ACA6-2927DE2E7C56}
	EndProjectSection
EndProject
Project("{8BC9CEB8-8B4A-11D0-8D11-00A0C91BC942}") = "libprotobufstatic", "libprotobufstatic.vcxproj", "{CD4E6AF0-05FC-4E61-BBCE-A801E9494E90}"
EndProject
Project("{8BC9CEB8-8B4A-11D0-8D11-00A0C91BC942}") = "libprotobuf-litestatic", "libprotobuf-litestatic.vcxproj", "{9F658E8A-C11B-4BC8-ADB3-D748CD93082D}"
EndProject
Project("{8BC9CEB8-8B4A-11D0-8D11-00A0C91BC942}") = "libprotocstatic", "libprotocstatic.vcxproj", "{55D5E8D1-E3A5-4602-9517-3D31CEDFCD06}"
EndProject
Global
	GlobalSection(SolutionConfigurationPlatforms) = preSolution
		Debug|Win32 = Debug|Win32
		Debug|x64 = Debug|x64
		Release|Win32 = Release|Win32
		Release|x64 = Release|x64
	EndGlobalSection
	GlobalSection(ProjectConfigurationPlatforms) = postSolution
		{DC2124E9-7194-35DE-9296-6F1D0A1E9BDE}.Debug|Win32.ActiveCfg = Debug|Win32
		{DC2124E9-7194-35DE-9296-6F1D0A1E9BDE}.Debug|Win32.Build.0 = Debug|Win32
		{DC2124E9-7194-35DE-9296-6F1D0A1E9BDE}.Debug|x64.ActiveCfg = Debug|x64
		{DC2124E9-7194-35DE-9296-6F1D0A1E9BDE}.Debug|x64.Build.0 = Debug|x64
		{DC2124E9-7194-35DE-9296-6F1D0A1E9BDE}.Release|Win32.ActiveCfg = Release|Win32
		{DC2124E9-7194-35DE-9296-6F1D0A1E9BDE}.Release|Win32.Build.0 = Release|Win32
		{DC2124E9-7194-35DE-9296-6F1D0A1E9BDE}.Release|x64.ActiveCfg = Release|x64
		{DC2124E9-7194-35DE-9296-6F1D0A1E9BDE}.Release|x64.Build.0 = Release|x64
		{84808690-7A30-3D5C-BD2D-72B3E6618CA5}.Debug|Win32.ActiveCfg = Debug|Win32
		{84808690-7A30-3D5C-BD2D-72B3E6618CA5}.Debug|Win32.Build.0 = Debug|Win32
		{84808690-7A30-3D5C-BD2D-72B3E6618CA5}.Debug|x64.ActiveCfg = Debug|x64
		{84808690-7A30-3D5C-BD2D-72B3E6618CA5}.Debug|x64.Build.0 = Debug|x64
		{84808690-7A30-3D5C-BD2D-72B3E6618CA5}.Release|Win32.ActiveCfg = Release|Win32
		{84808690-7A30-3D5C-BD2D-72B3E6618CA5}.Release|Win32.Build.0 = Release|Win32
		{84808690-7A30-3D5C-BD2D-72B3E6618CA5}.Release|x64.ActiveCfg = Release|x64
		{84808690-7A30-3D5C-BD2D-72B3E6618CA5}.Release|x64.Build.0 = Release|x64
		{D157C67F-76A3-3098-BF86-39DBBFFAB76F}.Debug|Win32.ActiveCfg = Debug|Win32
		{D157C67F-76A3-3098-BF86-39DBBFFAB76F}.Debug|Win32.Build.0 = Debug|Win32
		{D157C67F-76A3-3098-BF86-39DBBFFAB76F}.Debug|x64.ActiveCfg = Debug|x64
		{D157C67F-76A3-3098-BF86-39DBBFFAB76F}.Debug|x64.Build.0 = Debug|x64
		{D157C67F-76A3-3098-BF86-39DBBFFAB76F}.Release|Win32.ActiveCfg = Release|Win32
		{D157C67F-76A3-3098-BF86-39DBBFFAB76F}.Release|Win32.Build.0 = Release|Win32
		{D157C67F-76A3-3098-BF86-39DBBFFAB76F}.Release|x64.ActiveCfg = Release|x64
		{D157C67F-76A3-3098-BF86-39DBBFFAB76F}.Release|x64.Build.0 = Release|x64
		{99A47600-722C-3145-8323-7423A1744588}.Debug|Win32.ActiveCfg = Debug|Win32
		{99A47600-722C-3145-8323-7423A1744588}.Debug|Win32.Build.0 = Debug|Win32
		{99A47600-722C-3145-8323-7423A1744588}.Debug|x64.ActiveCfg = Debug|x64
		{99A47600-722C-3145-8323-7423A1744588}.Debug|x64.Build.0 = Debug|x64
		{99A47600-722C-3145-8323-7423A1744588}.Release|Win32.ActiveCfg = Release|Win32
		{99A47600-722C-3145-8323-7423A1744588}.Release|Win32.Build.0 = Release|Win32
		{99A47600-722C-3145-8323-7423A1744588}.Release|x64.ActiveCfg = Release|x64
		{99A47600-722C-3145-8323-7423A1744588}.Release|x64.Build.0 = Release|x64
		{1BFBF64A-704A-3248-B8C0-BE6C1D590E24}.Debug|Win32.ActiveCfg = Debug|Win32
		{1BFBF64A-704A-3248-B8C0-BE6C1D590E24}.Debug|Win32.Build.0 = Debug|Win32
		{1BFBF64A-704A-3248-B8C0-BE6C1D590E24}.Debug|x64.ActiveCfg = Debug|x64
		{1BFBF64A-704A-3248-B8C0-BE6C1D590E24}.Debug|x64.Build.0 = Debug|x64
		{1BFBF64A-704A-3248-B8C0-BE6C1D590E24}.Release|Win32.ActiveCfg = Release|Win32
		{1BFBF64A-704A-3248-B8C0-BE6C1D590E24}.Release|Win32.Build.0 = Release|Win32
		{1BFBF64A-704A-3248-B8C0-BE6C1D590E24}.Release|x64.ActiveCfg = Release|x64
		{1BFBF64A-704A-3248-B8C0-BE6C1D590E24}.Release|x64.Build.0 = Release|x64
		{DE5F6C03-5DA8-30E4-83CD-4BC9AFB4FCC9}.Debug|Win32.ActiveCfg = Debug|Win32
		{DE5F6C03-5DA8-30E4-83CD-4BC9AFB4FCC9}.Debug|Win32.Build.0 = Debug|Win32
		{DE5F6C03-5DA8-30E4-83CD-4BC9AFB4FCC9}.Debug|x64.ActiveCfg = Debug|x64
		{DE5F6C03-5DA8-30E4-83CD-4BC9AFB4FCC9}.Debug|x64.Build.0 = Debug|x64
		{DE5F6C03-5DA8-30E4-83CD-4BC9AFB4FCC9}.Release|Win32.ActiveCfg = Release|Win32
		{DE5F6C03-5DA8-30E4-83CD-4BC9AFB4FCC9}.Release|Win32.Build.0 = Release|Win32
		{DE5F6C03-5DA8-30E4-83CD-4BC9AFB4FCC9}.Release|x64.ActiveCfg = Release|x64
		{DE5F6C03-5DA8-30E4-83CD-4BC9AFB4FCC9}.Release|x64.Build.0 = Release|x64
		{CD56269B-4A0D-3BAF-A2D3-594E7A063F37}.Debug|Win32.ActiveCfg = Debug|Win32
		{CD56269B-4A0D-3BAF-A2D3-594E7A063F37}.Debug|Win32.Build.0 = Debug|Win32
		{CD56269B-4A0D-3BAF-A2D3-594E7A063F37}.Debug|x64.ActiveCfg = Debug|x64
		{CD56269B-4A0D-3BAF-A2D3-594E7A063F37}.Debug|x64.Build.0 = Debug|x64
		{CD56269B-4A0D-3BAF-A2D3-594E7A063F37}.Release|Win32.ActiveCfg = Release|Win32
		{CD56269B-4A0D-3BAF-A2D3-594E7A063F37}.Release|Win32.Build.0 = Release|Win32
		{CD56269B-4A0D-3BAF-A2D3-594E7A063F37}.Release|x64.ActiveCfg = Release|x64
		{CD56269B-4A0D-3BAF-A2D3-594E7A063F37}.Release|x64.Build.0 = Release|x64
		{FC7ACA32-5BC6-31F0-AB0B-9E56D7217BD3}.Debug|Win32.ActiveCfg = Debug|Win32
		{FC7ACA32-5BC6-31F0-AB0B-9E56D7217BD3}.Debug|Win32.Build.0 = Debug|Win32
		{FC7ACA32-5BC6-31F0-AB0B-9E56D7217BD3}.Debug|x64.ActiveCfg = Debug|x64
		{FC7ACA32-5BC6-31F0-AB0B-9E56D7217BD3}.Debug|x64.Build.0 = Debug|x64
		{FC7ACA32-5BC6-31F0-AB0B-9E56D7217BD3}.Release|Win32.ActiveCfg = Release|Win32
		{FC7ACA32-5BC6-31F0-AB0B-9E56D7217BD3}.Release|Win32.Build.0 = Release|Win32
		{FC7ACA32-5BC6-31F0-AB0B-9E56D7217BD3}.Release|x64.ActiveCfg = Release|x64
		{FC7ACA32-5BC6-31F0-AB0B-9E56D7217BD3}.Release|x64.Build.0 = Release|x64
		{BEA4E6DD-74F0-3213-ACA6-2927DE2E7C56}.Debug|Win32.ActiveCfg = Debug|Win32
		{BEA4E6DD-74F0-3213-ACA6-2927DE2E7C56}.Debug|Win32.Build.0 = Debug|Win32
		{BEA4E6DD-74F0-3213-ACA6-2927DE2E7C56}.Debug|x64.ActiveCfg = Debug|x64
		{BEA4E6DD-74F0-3213-ACA6-2927DE2E7C56}.Debug|x64.Build.0 = Debug|x64
		{BEA4E6DD-74F0-3213-ACA6-2927DE2E7C56}.Release|Win32.ActiveCfg = Release|Win32
		{BEA4E6DD-74F0-3213-ACA6-2927DE2E7C56}.Release|Win32.Build.0 = Release|Win32
		{BEA4E6DD-74F0-3213-ACA6-2927DE2E7C56}.Release|x64.ActiveCfg = Release|x64
		{BEA4E6DD-74F0-3213-ACA6-2927DE2E7C56}.Release|x64.Build.0 = Release|x64
		{B766FDE7-F955-3C21-978B-6EA684C1DB9A}.Debug|Win32.ActiveCfg = Debug|Win32
		{B766FDE7-F955-3C21-978B-6EA684C1DB9A}.Debug|Win32.Build.0 = Debug|Win32
		{B766FDE7-F955-3C21-978B-6EA684C1DB9A}.Debug|x64.ActiveCfg = Debug|x64
		{B766FDE7-F955-3C21-978B-6EA684C1DB9A}.Debug|x64.Build.0 = Debug|x64
		{B766FDE7-F955-3C21-978B-6EA684C1DB9A}.Release|Win32.ActiveCfg = Release|Win32
		{B766FDE7-F955-3C21-978B-6EA684C1DB9A}.Release|Win32.Build.0 = Release|Win32
		{B766FDE7-F955-3C21-978B-6EA684C1DB9A}.Release|x64.ActiveCfg = Release|x64
		{B766FDE7-F955-3C21-978B-6EA684C1DB9A}.Release|x64.Build.0 = Release|x64
		{F6B18805-DFC9-3B42-AA36-5089F2EBC77F}.Debug|Win32.ActiveCfg = Debug|Win32
		{F6B18805-DFC9-3B42-AA36-5089F2EBC77F}.Debug|Win32.Build.0 = Debug|Win32
		{F6B18805-DFC9-3B42-AA36-5089F2EBC77F}.Debug|x64.ActiveCfg = Debug|x64
		{F6B18805-DFC9-3B42-AA36-5089F2EBC77F}.Debug|x64.Build.0 = Debug|x64
		{F6B18805-DFC9-3B42-AA36-5089F2EBC77F}.Release|Win32.ActiveCfg = Release|Win32
		{F6B18805-DFC9-3B42-AA36-5089F2EBC77F}.Release|Win32.Build.0 = Release|Win32
		{F6B18805-DFC9-3B42-AA36-5089F2EBC77F}.Release|x64.ActiveCfg = Release|x64
		{F6B18805-DFC9-3B42-AA36-5089F2EBC77F}.Release|x64.Build.0 = Release|x64
		{CD4E6AF0-05FC-4E61-BBCE-A801E9494E90}.Debug|Win32.ActiveCfg = Debug|Win32
		{CD4E6AF0-05FC-4E61-BBCE-A801E9494E90}.Debug|Win32.Build.0 = Debug|Win32
		{CD4E6AF0-05FC-4E61-BBCE-A801E9494E90}.Debug|x64.ActiveCfg = Debug|x64
		{CD4E6AF0-05FC-4E61-BBCE-A801E9494E90}.Debug|x64.Build.0 = Debug|x64
		{CD4E6AF0-05FC-4E61-BBCE-A801E9494E90}.Release|Win32.ActiveCfg = Release|Win32
		{CD4E6AF0-05FC-4E61-BBCE-A801E9494E90}.Release|Win32.Build.0 = Release|Win32
		{CD4E6AF0-05FC-4E61-BBCE-A801E9494E90}.Release|x64.ActiveCfg = Release|x64
		{CD4E6AF0-05FC-4E61-BBCE-A801E9494E90}.Release|x64.Build.0 = Release|x64
		{9F658E8A-C11B-4BC8-ADB3-D748CD93082D}.Debug|Win32.ActiveCfg = Debug|Win32
		{9F658E8A-C11B-4BC8-ADB3-D748CD93082D}.Debug|Win32.Build.0 = Debug|Win32
		{9F658E8A-C11B-4BC8-ADB3-D748CD93082D}.Debug|x64.ActiveCfg = Debug|x64
		{9F658E8A-C11B-4BC8-ADB3-D748CD93082D}.Debug|x64.Build.0 = Debug|x64
		{9F658E8A-C11B-4BC8-ADB3-D748CD93082D}.Release|Win32.ActiveCfg = Release|Win32
		{9F658E8A-C11B-4BC8-ADB3-D748CD93082D}.Release|Win32.Build.0 = Release|Win32
		{9F658E8A-C11B-4BC8-ADB3-D748CD93082D}.Release|x64.ActiveCfg = Release|x64
		{9F658E8A-C11B-4BC8-ADB3-D748CD93082D}.Release|x64.Build.0 = Release|x64
		{55D5E8D1-E3A5-4602-9517-3D31CEDFCD06}.Debug|Win32.ActiveCfg = Debug|Win32
		{55D5E8D1-E3A5-4602-9517-3D31CEDFCD06}.Debug|Win32.Build.0 = Debug|Win32
		{55D5E8D1-E3A5-4602-9517-3D31CEDFCD06}.Debug|x64.ActiveCfg = Debug|x64
		{55D5E8D1-E3A5-4602-9517-3D31CEDFCD06}.Debug|x64.Build.0 = Debug|x64
		{55D5E8D1-E3A5-4602-9517-3D31CEDFCD06}.Release|Win32.ActiveCfg = Release|Win32
		{55D5E8D1-E3A5-4602-9517-3D31CEDFCD06}.Release|Win32.Build.0 = Release|Win32
		{55D5E8D1-E3A5-4602-9517-3D31CEDFCD06}.Release|x64.ActiveCfg = Release|x64
		{55D5E8D1-E3A5-4602-9517-3D31CEDFCD06}.Release|x64.Build.0 = Release|x64
	EndGlobalSection
	GlobalSection(SolutionProperties) = preSolution
		HideSolutionNode = FALSE
	EndGlobalSection
EndGlobal
